// !$*UTF8*$!
{
	archiveVersion = 1;
	classes = {
	};
	objectVersion = 56;
	objects = {

/* Begin PBXBuildFile section */
		46E5D0702C22A81D00192AB8 /* test_projectApp.swift in Sources */ = {isa = PBXBuildFile; fileRef = 46E5D06F2C22A81D00192AB8 /* test_projectApp.swift */; };
		46E5D0722C22A81D00192AB8 /* ContentView.swift in Sources */ = {isa = PBXBuildFile; fileRef = 46E5D0712C22A81D00192AB8 /* ContentView.swift */; };
		46E5D0742C22A82300192AB8 /* Assets.xcassets in Resources */ = {isa = PBXBuildFile; fileRef = 46E5D0732C22A82300192AB8 /* Assets.xcassets */; };
		46E5D0782C22A82300192AB8 /* Preview Assets.xcassets in Resources */ = {isa = PBXBuildFile; fileRef = 46E5D0772C22A82300192AB8 /* Preview Assets.xcassets */; };
		46E5D0822C22A82400192AB8 /* test_projectTests.swift in Sources */ = {isa = PBXBuildFile; fileRef = 46E5D0812C22A82400192AB8 /* test_projectTests.swift */; };
		46E5D08C2C22A82500192AB8 /* test_projectUITests.swift in Sources */ = {isa = PBXBuildFile; fileRef = 46E5D08B2C22A82500192AB8 /* test_projectUITests.swift */; };
		46E5D08E2C22A82500192AB8 /* test_projectUITestsLaunchTests.swift in Sources */ = {isa = PBXBuildFile; fileRef = 46E5D08D2C22A82500192AB8 /* test_projectUITestsLaunchTests.swift */; };
/* End PBXBuildFile section */

/* Begin PBXContainerItemProxy section */
		46E5D07E2C22A82400192AB8 /* PBXContainerItemProxy */ = {
			isa = PBXContainerItemProxy;
			containerPortal = 46E5D0642C22A81D00192AB8 /* Project object */;
			proxyType = 1;
			remoteGlobalIDString = 46E5D06B2C22A81D00192AB8;
			remoteInfo = "test project";
		};
		46E5D0882C22A82500192AB8 /* PBXContainerItemProxy */ = {
			isa = PBXContainerItemProxy;
			containerPortal = 46E5D0642C22A81D00192AB8 /* Project object */;
			proxyType = 1;
			remoteGlobalIDString = 46E5D06B2C22A81D00192AB8;
			remoteInfo = "test project";
		};
/* End PBXContainerItemProxy section */

/* Begin PBXFileReference section */
		46E5D06C2C22A81D00192AB8 /* test project.app */ = {isa = PBXFileReference; explicitFileType = wrapper.application; includeInIndex = 0; path = "test project.app"; sourceTree = BUILT_PRODUCTS_DIR; };
		46E5D06F2C22A81D00192AB8 /* test_projectApp.swift */ = {isa = PBXFileReference; lastKnownFileType = sourcecode.swift; path = test_projectApp.swift; sourceTree = "<group>"; };
		46E5D0712C22A81D00192AB8 /* ContentView.swift */ = {isa = PBXFileReference; lastKnownFileType = sourcecode.swift; path = ContentView.swift; sourceTree = "<group>"; };
		46E5D0732C22A82300192AB8 /* Assets.xcassets */ = {isa = PBXFileReference; lastKnownFileType = folder.assetcatalog; path = Assets.xcassets; sourceTree = "<group>"; };
		46E5D0752C22A82300192AB8 /* test_project.entitlements */ = {isa = PBXFileReference; lastKnownFileType = text.plist.entitlements; path = test_project.entitlements; sourceTree = "<group>"; };
		46E5D0772C22A82300192AB8 /* Preview Assets.xcassets */ = {isa = PBXFileReference; lastKnownFileType = folder.assetcatalog; path = "Preview Assets.xcassets"; sourceTree = "<group>"; };
		46E5D07D2C22A82400192AB8 /* test projectTests.xctest */ = {isa = PBXFileReference; explicitFileType = wrapper.cfbundle; includeInIndex = 0; path = "test projectTests.xctest"; sourceTree = BUILT_PRODUCTS_DIR; };
		46E5D0812C22A82400192AB8 /* test_projectTests.swift */ = {isa = PBXFileReference; lastKnownFileType = sourcecode.swift; path = test_projectTests.swift; sourceTree = "<group>"; };
		46E5D0872C22A82500192AB8 /* test projectUITests.xctest */ = {isa = PBXFileReference; explicitFileType = wrapper.cfbundle; includeInIndex = 0; path = "test projectUITests.xctest"; sourceTree = BUILT_PRODUCTS_DIR; };
		46E5D08B2C22A82500192AB8 /* test_projectUITests.swift */ = {isa = PBXFileReference; lastKnownFileType = sourcecode.swift; path = test_projectUITests.swift; sourceTree = "<group>"; };
		46E5D08D2C22A82500192AB8 /* test_projectUITestsLaunchTests.swift */ = {isa = PBXFileReference; lastKnownFileType = sourcecode.swift; path = test_projectUITestsLaunchTests.swift; sourceTree = "<group>"; };
/* End PBXFileReference section */

/* Begin PBXFrameworksBuildPhase section */
		46E5D0692C22A81D00192AB8 /* Frameworks */ = {
			isa = PBXFrameworksBuildPhase;
			buildActionMask = 2147483647;
			files = (
			);
			runOnlyForDeploymentPostprocessing = 0;
		};
		46E5D07A2C22A82400192AB8 /* Frameworks */ = {
			isa = PBXFrameworksBuildPhase;
			buildActionMask = 2147483647;
			files = (
			);
			runOnlyForDeploymentPostprocessing = 0;
		};
		46E5D0842C22A82500192AB8 /* Frameworks */ = {
			isa = PBXFrameworksBuildPhase;
			buildActionMask = 2147483647;
			files = (
			);
			runOnlyForDeploymentPostprocessing = 0;
		};
/* End PBXFrameworksBuildPhase section */

/* Begin PBXGroup section */
		46E5D0632C22A81C00192AB8 = {
			isa = PBXGroup;
			children = (
				46E5D06E2C22A81D00192AB8 /* test project */,
				46E5D0802C22A82400192AB8 /* test projectTests */,
				46E5D08A2C22A82500192AB8 /* test projectUITests */,
				46E5D06D2C22A81D00192AB8 /* Products */,
			);
			sourceTree = "<group>";
		};
		46E5D06D2C22A81D00192AB8 /* Products */ = {
			isa = PBXGroup;
			children = (
				46E5D06C2C22A81D00192AB8 /* test project.app */,
				46E5D07D2C22A82400192AB8 /* test projectTests.xctest */,
				46E5D0872C22A82500192AB8 /* test projectUITests.xctest */,
			);
			name = Products;
			sourceTree = "<group>";
		};
		46E5D06E2C22A81D00192AB8 /* test project */ = {
			isa = PBXGroup;
			children = (
				46E5D06F2C22A81D00192AB8 /* test_projectApp.swift */,
				46E5D0712C22A81D00192AB8 /* ContentView.swift */,
				46E5D0732C22A82300192AB8 /* Assets.xcassets */,
				46E5D0752C22A82300192AB8 /* test_project.entitlements */,
				46E5D0762C22A82300192AB8 /* Preview Content */,
			);
			path = "test project";
			sourceTree = "<group>";
		};
		46E5D0762C22A82300192AB8 /* Preview Content */ = {
			isa = PBXGroup;
			children = (
				46E5D0772C22A82300192AB8 /* Preview Assets.xcassets */,
			);
			path = "Preview Content";
			sourceTree = "<group>";
		};
		46E5D0802C22A82400192AB8 /* test projectTests */ = {
			isa = PBXGroup;
			children = (
				46E5D0812C22A82400192AB8 /* test_projectTests.swift */,
			);
			path = "test projectTests";
			sourceTree = "<group>";
		};
		46E5D08A2C22A82500192AB8 /* test projectUITests */ = {
			isa = PBXGroup;
			children = (
				46E5D08B2C22A82500192AB8 /* test_projectUITests.swift */,
				46E5D08D2C22A82500192AB8 /* test_projectUITestsLaunchTests.swift */,
			);
			path = "test projectUITests";
			sourceTree = "<group>";
		};
/* End PBXGroup section */

/* Begin PBXNativeTarget section */
		46E5D06B2C22A81D00192AB8 /* test project */ = {
			isa = PBXNativeTarget;
			buildConfigurationList = 46E5D0912C22A82500192AB8 /* Build configuration list for PBXNativeTarget "test project" */;
			buildPhases = (
				46E5D0682C22A81D00192AB8 /* Sources */,
				46E5D0692C22A81D00192AB8 /* Frameworks */,
				46E5D06A2C22A81D00192AB8 /* Resources */,
			);
			buildRules = (
			);
			dependencies = (
			);
			name = "test project";
			productName = "test project";
			productReference = 46E5D06C2C22A81D00192AB8 /* test project.app */;
			productType = "com.apple.product-type.application";
		};
		46E5D07C2C22A82400192AB8 /* test projectTests */ = {
			isa = PBXNativeTarget;
			buildConfigurationList = 46E5D0942C22A82500192AB8 /* Build configuration list for PBXNativeTarget "test projectTests" */;
			buildPhases = (
				46E5D0792C22A82400192AB8 /* Sources */,
				46E5D07A2C22A82400192AB8 /* Frameworks */,
				46E5D07B2C22A82400192AB8 /* Resources */,
			);
			buildRules = (
			);
			dependencies = (
				46E5D07F2C22A82400192AB8 /* PBXTargetDependency */,
			);
			name = "test projectTests";
			productName = "test projectTests";
			productReference = 46E5D07D2C22A82400192AB8 /* test projectTests.xctest */;
			productType = "com.apple.product-type.bundle.unit-test";
		};
		46E5D0862C22A82500192AB8 /* test projectUITests */ = {
			isa = PBXNativeTarget;
			buildConfigurationList = 46E5D0972C22A82500192AB8 /* Build configuration list for PBXNativeTarget "test projectUITests" */;
			buildPhases = (
				46E5D0832C22A82500192AB8 /* Sources */,
				46E5D0842C22A82500192AB8 /* Frameworks */,
				46E5D0852C22A82500192AB8 /* Resources */,
			);
			buildRules = (
			);
			dependencies = (
				46E5D0892C22A82500192AB8 /* PBXTargetDependency */,
			);
			name = "test projectUITests";
			productName = "test projectUITests";
			productReference = 46E5D0872C22A82500192AB8 /* test projectUITests.xctest */;
			productType = "com.apple.product-type.bundle.ui-testing";
		};
/* End PBXNativeTarget section */

/* Begin PBXProject section */
		46E5D0642C22A81D00192AB8 /* Project object */ = {
			isa = PBXProject;
			attributes = {
				BuildIndependentTargetsInParallel = 1;
				LastSwiftUpdateCheck = 1420;
				LastUpgradeCheck = 1420;
				TargetAttributes = {
					46E5D06B2C22A81D00192AB8 = {
						CreatedOnToolsVersion = 14.2;
					};
					46E5D07C2C22A82400192AB8 = {
						CreatedOnToolsVersion = 14.2;
						TestTargetID = 46E5D06B2C22A81D00192AB8;
					};
					46E5D0862C22A82500192AB8 = {
						CreatedOnToolsVersion = 14.2;
						TestTargetID = 46E5D06B2C22A81D00192AB8;
					};
				};
			};
			buildConfigurationList = 46E5D0672C22A81D00192AB8 /* Build configuration list for PBXProject "test project" */;
			compatibilityVersion = "Xcode 14.0";
			developmentRegion = en;
			hasScannedForEncodings = 0;
			knownRegions = (
				en,
				Base,
			);
			mainGroup = 46E5D0632C22A81C00192AB8;
			productRefGroup = 46E5D06D2C22A81D00192AB8 /* Products */;
			projectDirPath = "";
			projectRoot = "";
			targets = (
				46E5D06B2C22A81D00192AB8 /* test project */,
				46E5D07C2C22A82400192AB8 /* test projectTests */,
				46E5D0862C22A82500192AB8 /* test projectUITests */,
			);
		};
/* End PBXProject section */

/* Begin PBXResourcesBuildPhase section */
		46E5D06A2C22A81D00192AB8 /* Resources */ = {
			isa = PBXResourcesBuildPhase;
			buildActionMask = 2147483647;
			files = (
				46E5D0782C22A82300192AB8 /* Preview Assets.xcassets in Resources */,
				46E5D0742C22A82300192AB8 /* Assets.xcassets in Resources */,
			);
			runOnlyForDeploymentPostprocessing = 0;
		};
		46E5D07B2C22A82400192AB8 /* Resources */ = {
			isa = PBXResourcesBuildPhase;
			buildActionMask = 2147483647;
			files = (
			);
			runOnlyForDeploymentPostprocessing = 0;
		};
		46E5D0852C22A82500192AB8 /* Resources */ = {
			isa = PBXResourcesBuildPhase;
			buildActionMask = 2147483647;
			files = (
			);
			runOnlyForDeploymentPostprocessing = 0;
		};
/* End PBXResourcesBuildPhase section */

/* Begin PBXSourcesBuildPhase section */
		46E5D0682C22A81D00192AB8 /* Sources */ = {
			isa = PBXSourcesBuildPhase;
			buildActionMask = 2147483647;
			files = (
				46E5D0722C22A81D00192AB8 /* ContentView.swift in Sources */,
				46E5D0702C22A81D00192AB8 /* test_projectApp.swift in Sources */,
			);
			runOnlyForDeploymentPostprocessing = 0;
		};
		46E5D0792C22A82400192AB8 /* Sources */ = {
			isa = PBXSourcesBuildPhase;
			buildActionMask = 2147483647;
			files = (
				46E5D0822C22A82400192AB8 /* test_projectTests.swift in Sources */,
			);
			runOnlyForDeploymentPostprocessing = 0;
		};
		46E5D0832C22A82500192AB8 /* Sources */ = {
			isa = PBXSourcesBuildPhase;
			buildActionMask = 2147483647;
			files = (
				46E5D08E2C22A82500192AB8 /* test_projectUITestsLaunchTests.swift in Sources */,
				46E5D08C2C22A82500192AB8 /* test_projectUITests.swift in Sources */,
			);
			runOnlyForDeploymentPostprocessing = 0;
		};
/* End PBXSourcesBuildPhase section */

/* Begin PBXTargetDependency section */
		46E5D07F2C22A82400192AB8 /* PBXTargetDependency */ = {
			isa = PBXTargetDependency;
			target = 46E5D06B2C22A81D00192AB8 /* test project */;
			targetProxy = 46E5D07E2C22A82400192AB8 /* PBXContainerItemProxy */;
		};
		46E5D0892C22A82500192AB8 /* PBXTargetDependency */ = {
			isa = PBXTargetDependency;
			target = 46E5D06B2C22A81D00192AB8 /* test project */;
			targetProxy = 46E5D0882C22A82500192AB8 /* PBXContainerItemProxy */;
		};
/* End PBXTargetDependency section */

/* Begin XCBuildConfiguration section */
		46E5D08F2C22A82500192AB8 /* Debug */ = {
			isa = XCBuildConfiguration;
			buildSettings = {
				ALWAYS_SEARCH_USER_PATHS = NO;
				CLANG_ANALYZER_NONNULL = YES;
				CLANG_ANALYZER_NUMBER_OBJECT_CONVERSION = YES_AGGRESSIVE;
				CLANG_CXX_LANGUAGE_STANDARD = "gnu++20";
				CLANG_ENABLE_MODULES = YES;
				CLANG_ENABLE_OBJC_ARC = YES;
				CLANG_ENABLE_OBJC_WEAK = YES;
				CLANG_WARN_BLOCK_CAPTURE_AUTORELEASING = YES;
				CLANG_WARN_BOOL_CONVERSION = YES;
				CLANG_WARN_COMMA = YES;
				CLANG_WARN_CONSTANT_CONVERSION = YES;
				CLANG_WARN_DEPRECATED_OBJC_IMPLEMENTATIONS = YES;
				CLANG_WARN_DIRECT_OBJC_ISA_USAGE = YES_ERROR;
				CLANG_WARN_DOCUMENTATION_COMMENTS = YES;
				CLANG_WARN_EMPTY_BODY = YES;
				CLANG_WARN_ENUM_CONVERSION = YES;
				CLANG_WARN_INFINITE_RECURSION = YES;
				CLANG_WARN_INT_CONVERSION = YES;
				CLANG_WARN_NON_LITERAL_NULL_CONVERSION = YES;
				CLANG_WARN_OBJC_IMPLICIT_RETAIN_SELF = YES;
				CLANG_WARN_OBJC_LITERAL_CONVERSION = YES;
				CLANG_WARN_OBJC_ROOT_CLASS = YES_ERROR;
				CLANG_WARN_QUOTED_INCLUDE_IN_FRAMEWORK_HEADER = YES;
				CLANG_WARN_RANGE_LOOP_ANALYSIS = YES;
				CLANG_WARN_STRICT_PROTOTYPES = YES;
				CLANG_WARN_SUSPICIOUS_MOVE = YES;
				CLANG_WARN_UNGUARDED_AVAILABILITY = YES_AGGRESSIVE;
				CLANG_WARN_UNREACHABLE_CODE = YES;
				CLANG_WARN__DUPLICATE_METHOD_MATCH = YES;
				COPY_PHASE_STRIP = NO;
				DEBUG_INFORMATION_FORMAT = dwarf;
				ENABLE_STRICT_OBJC_MSGSEND = YES;
				ENABLE_TESTABILITY = YES;
				GCC_C_LANGUAGE_STANDARD = gnu11;
				GCC_DYNAMIC_NO_PIC = NO;
				GCC_NO_COMMON_BLOCKS = YES;
				GCC_OPTIMIZATION_LEVEL = 0;
				GCC_PREPROCESSOR_DEFINITIONS = (
					"DEBUG=1",
					"$(inherited)",
				);
				GCC_WARN_64_TO_32_BIT_CONVERSION = YES;
				GCC_WARN_ABOUT_RETURN_TYPE = YES_ERROR;
				GCC_WARN_UNDECLARED_SELECTOR = YES;
				GCC_WARN_UNINITIALIZED_AUTOS = YES_AGGRESSIVE;
				GCC_WARN_UNUSED_FUNCTION = YES;
				GCC_WARN_UNUSED_VARIABLE = YES;
				MTL_ENABLE_DEBUG_INFO = INCLUDE_SOURCE;
				MTL_FAST_MATH = YES;
				ONLY_ACTIVE_ARCH = YES;
				SWIFT_ACTIVE_COMPILATION_CONDITIONS = DEBUG;
				SWIFT_OPTIMIZATION_LEVEL = "-Onone";
			};
			name = Debug;
		};
		46E5D0902C22A82500192AB8 /* Release */ = {
			isa = XCBuildConfiguration;
			buildSettings = {
				ALWAYS_SEARCH_USER_PATHS = NO;
				CLANG_ANALYZER_NONNULL = YES;
				CLANG_ANALYZER_NUMBER_OBJECT_CONVERSION = YES_AGGRESSIVE;
				CLANG_CXX_LANGUAGE_STANDARD = "gnu++20";
				CLANG_ENABLE_MODULES = YES;
				CLANG_ENABLE_OBJC_ARC = YES;
				CLANG_ENABLE_OBJC_WEAK = YES;
				CLANG_WARN_BLOCK_CAPTURE_AUTORELEASING = YES;
				CLANG_WARN_BOOL_CONVERSION = YES;
				CLANG_WARN_COMMA = YES;
				CLANG_WARN_CONSTANT_CONVERSION = YES;
				CLANG_WARN_DEPRECATED_OBJC_IMPLEMENTATIONS = YES;
				CLANG_WARN_DIRECT_OBJC_ISA_USAGE = YES_ERROR;
				CLANG_WARN_DOCUMENTATION_COMMENTS = YES;
				CLANG_WARN_EMPTY_BODY = YES;
				CLANG_WARN_ENUM_CONVERSION = YES;
				CLANG_WARN_INFINITE_RECURSION = YES;
				CLANG_WARN_INT_CONVERSION = YES;
				CLANG_WARN_NON_LITERAL_NULL_CONVERSION = YES;
				CLANG_WARN_OBJC_IMPLICIT_RETAIN_SELF = YES;
				CLANG_WARN_OBJC_LITERAL_CONVERSION = YES;
				CLANG_WARN_OBJC_ROOT_CLASS = YES_ERROR;
				CLANG_WARN_QUOTED_INCLUDE_IN_FRAMEWORK_HEADER = YES;
				CLANG_WARN_RANGE_LOOP_ANALYSIS = YES;
				CLANG_WARN_STRICT_PROTOTYPES = YES;
				CLANG_WARN_SUSPICIOUS_MOVE = YES;
				CLANG_WARN_UNGUARDED_AVAILABILITY = YES_AGGRESSIVE;
				CLANG_WARN_UNREACHABLE_CODE = YES;
				CLANG_WARN__DUPLICATE_METHOD_MATCH = YES;
				COPY_PHASE_STRIP = NO;
				DEBUG_INFORMATION_FORMAT = "dwarf-with-dsym";
				ENABLE_NS_ASSERTIONS = NO;
				ENABLE_STRICT_OBJC_MSGSEND = YES;
				GCC_C_LANGUAGE_STANDARD = gnu11;
				GCC_NO_COMMON_BLOCKS = YES;
				GCC_WARN_64_TO_32_BIT_CONVERSION = YES;
				GCC_WARN_ABOUT_RETURN_TYPE = YES_ERROR;
				GCC_WARN_UNDECLARED_SELECTOR = YES;
				GCC_WARN_UNINITIALIZED_AUTOS = YES_AGGRESSIVE;
				GCC_WARN_UNUSED_FUNCTION = YES;
				GCC_WARN_UNUSED_VARIABLE = YES;
				MTL_ENABLE_DEBUG_INFO = NO;
				MTL_FAST_MATH = YES;
				SWIFT_COMPILATION_MODE = wholemodule;
				SWIFT_OPTIMIZATION_LEVEL = "-O";
			};
			name = Release;
		};
		46E5D0922C22A82500192AB8 /* Debug */ = {
			isa = XCBuildConfiguration;
			buildSettings = {
				ASSETCATALOG_COMPILER_APPICON_NAME = AppIcon;
				ASSETCATALOG_COMPILER_GLOBAL_ACCENT_COLOR_NAME = AccentColor;
				CODE_SIGN_ENTITLEMENTS = "test project/test_project.entitlements";
				CODE_SIGN_STYLE = Automatic;
				CURRENT_PROJECT_VERSION = 1;
				DEVELOPMENT_ASSET_PATHS = "\"test project/Preview Content\"";
				ENABLE_PREVIEWS = YES;
				GENERATE_INFOPLIST_FILE = YES;
				"INFOPLIST_KEY_UIApplicationSceneManifest_Generation[sdk=iphoneos*]" = YES;
				"INFOPLIST_KEY_UIApplicationSceneManifest_Generation[sdk=iphonesimulator*]" = YES;
				"INFOPLIST_KEY_UIApplicationSupportsIndirectInputEvents[sdk=iphoneos*]" = YES;
				"INFOPLIST_KEY_UIApplicationSupportsIndirectInputEvents[sdk=iphonesimulator*]" = YES;
				"INFOPLIST_KEY_UILaunchScreen_Generation[sdk=iphoneos*]" = YES;
				"INFOPLIST_KEY_UILaunchScreen_Generation[sdk=iphonesimulator*]" = YES;
				"INFOPLIST_KEY_UIStatusBarStyle[sdk=iphoneos*]" = UIStatusBarStyleDefault;
				"INFOPLIST_KEY_UIStatusBarStyle[sdk=iphonesimulator*]" = UIStatusBarStyleDefault;
				INFOPLIST_KEY_UISupportedInterfaceOrientations_iPad = "UIInterfaceOrientationPortrait UIInterfaceOrientationPortraitUpsideDown UIInterfaceOrientationLandscapeLeft UIInterfaceOrientationLandscapeRight";
				INFOPLIST_KEY_UISupportedInterfaceOrientations_iPhone = "UIInterfaceOrientationPortrait UIInterfaceOrientationLandscapeLeft UIInterfaceOrientationLandscapeRight";
				IPHONEOS_DEPLOYMENT_TARGET = 16.2;
				LD_RUNPATH_SEARCH_PATHS = "@executable_path/Frameworks";
				"LD_RUNPATH_SEARCH_PATHS[sdk=macosx*]" = "@executable_path/../Frameworks";
				MACOSX_DEPLOYMENT_TARGET = 12.6;
				MARKETING_VERSION = 1.0;
				PRODUCT_BUNDLE_IDENTIFIER = "ttt.test-project";
				PRODUCT_NAME = "$(TARGET_NAME)";
				SDKROOT = auto;
				SUPPORTED_PLATFORMS = "iphoneos iphonesimulator macosx";
				SWIFT_EMIT_LOC_STRINGS = YES;
				SWIFT_VERSION = 5.0;
				TARGETED_DEVICE_FAMILY = "1,2";
			};
			name = Debug;
		};
		46E5D0932C22A82500192AB8 /* Release */ = {
			isa = XCBuildConfiguration;
			buildSettings = {
				ASSETCATALOG_COMPILER_APPICON_NAME = AppIcon;
				ASSETCATALOG_COMPILER_GLOBAL_ACCENT_COLOR_NAME = AccentColor;
				CODE_SIGN_ENTITLEMENTS = "test project/test_project.entitlements";
				CODE_SIGN_STYLE = Automatic;
				CURRENT_PROJECT_VERSION = 1;
				DEVELOPMENT_ASSET_PATHS = "\"test project/Preview Content\"";
				ENABLE_PREVIEWS = YES;
				GENERATE_INFOPLIST_FILE = YES;
				"INFOPLIST_KEY_UIApplicationSceneManifest_Generation[sdk=iphoneos*]" = YES;
				"INFOPLIST_KEY_UIApplicationSceneManifest_Generation[sdk=iphonesimulator*]" = YES;
				"INFOPLIST_KEY_UIApplicationSupportsIndirectInputEvents[sdk=iphoneos*]" = YES;
				"INFOPLIST_KEY_UIApplicationSupportsIndirectInputEvents[sdk=iphonesimulator*]" = YES;
				"INFOPLIST_KEY_UILaunchScreen_Generation[sdk=iphoneos*]" = YES;
				"INFOPLIST_KEY_UILaunchScreen_Generation[sdk=iphonesimulator*]" = YES;
				"INFOPLIST_KEY_UIStatusBarStyle[sdk=iphoneos*]" = UIStatusBarStyleDefault;
				"INFOPLIST_KEY_UIStatusBarStyle[sdk=iphonesimulator*]" = UIStatusBarStyleDefault;
				INFOPLIST_KEY_UISupportedInterfaceOrientations_iPad = "UIInterfaceOrientationPortrait UIInterfaceOrientationPortraitUpsideDown UIInterfaceOrientationLandscapeLeft UIInterfaceOrientationLandscapeRight";
				INFOPLIST_KEY_UISupportedInterfaceOrientations_iPhone = "UIInterfaceOrientationPortrait UIInterfaceOrientationLandscapeLeft UIInterfaceOrientationLandscapeRight";
				IPHONEOS_DEPLOYMENT_TARGET = 16.2;
				LD_RUNPATH_SEARCH_PATHS = "@executable_path/Frameworks";
				"LD_RUNPATH_SEARCH_PATHS[sdk=macosx*]" = "@executable_path/../Frameworks";
				MACOSX_DEPLOYMENT_TARGET = 12.6;
				MARKETING_VERSION = 1.0;
				PRODUCT_BUNDLE_IDENTIFIER = "ttt.test-project";
				PRODUCT_NAME = "$(TARGET_NAME)";
				SDKROOT = auto;
				SUPPORTED_PLATFORMS = "iphoneos iphonesimulator macosx";
				SWIFT_EMIT_LOC_STRINGS = YES;
				SWIFT_VERSION = 5.0;
				TARGETED_DEVICE_FAMILY = "1,2";
			};
			name = Release;
		};
		46E5D0952C22A82500192AB8 /* Debug */ = {
			isa = XCBuildConfiguration;
			buildSettings = {
				ALWAYS_EMBED_SWIFT_STANDARD_LIBRARIES = YES;
				BUNDLE_LOADER = "$(TEST_HOST)";
				CODE_SIGN_STYLE = Automatic;
				CURRENT_PROJECT_VERSION = 1;
				GENERATE_INFOPLIST_FILE = YES;
				IPHONEOS_DEPLOYMENT_TARGET = 16.2;
				MACOSX_DEPLOYMENT_TARGET = 12.6;
				MARKETING_VERSION = 1.0;
				PRODUCT_BUNDLE_IDENTIFIER = "ttt.test-projectTests";
				PRODUCT_NAME = "$(TARGET_NAME)";
				SDKROOT = auto;
				SUPPORTED_PLATFORMS = "iphoneos iphonesimulator macosx";
				SWIFT_EMIT_LOC_STRINGS = NO;
				SWIFT_VERSION = 5.0;
				TARGETED_DEVICE_FAMILY = "1,2";
				TEST_HOST = "$(BUILT_PRODUCTS_DIR)/test project.app/$(BUNDLE_EXECUTABLE_FOLDER_PATH)/test project";
			};
			name = Debug;
		};
		46E5D0962C22A82500192AB8 /* Release */ = {
			isa = XCBuildConfiguration;
			buildSettings = {
				ALWAYS_EMBED_SWIFT_STANDARD_LIBRARIES = YES;
				BUNDLE_LOADER = "$(TEST_HOST)";
				CODE_SIGN_STYLE = Automatic;
				CURRENT_PROJECT_VERSION = 1;
				GENERATE_INFOPLIST_FILE = YES;
				IPHONEOS_DEPLOYMENT_TARGET = 16.2;
				MACOSX_DEPLOYMENT_TARGET = 12.6;
				MARKETING_VERSION = 1.0;
				PRODUCT_BUNDLE_IDENTIFIER = "ttt.test-projectTests";
				PRODUCT_NAME = "$(TARGET_NAME)";
				SDKROOT = auto;
				SUPPORTED_PLATFORMS = "iphoneos iphonesimulator macosx";
				SWIFT_EMIT_LOC_STRINGS = NO;
				SWIFT_VERSION = 5.0;
				TARGETED_DEVICE_FAMILY = "1,2";
				TEST_HOST = "$(BUILT_PRODUCTS_DIR)/test project.app/$(BUNDLE_EXECUTABLE_FOLDER_PATH)/test project";
			};
			name = Release;
		};
		46E5D0982C22A82500192AB8 /* Debug */ = {
			isa = XCBuildConfiguration;
			buildSettings = {
				ALWAYS_EMBED_SWIFT_STANDARD_LIBRARIES = YES;
				CODE_SIGN_STYLE = Automatic;
				CURRENT_PROJECT_VERSION = 1;
				GENERATE_INFOPLIST_FILE = YES;
				IPHONEOS_DEPLOYMENT_TARGET = 16.2;
				MACOSX_DEPLOYMENT_TARGET = 12.6;
				MARKETING_VERSION = 1.0;
				PRODUCT_BUNDLE_IDENTIFIER = "ttt.test-projectUITests";
				PRODUCT_NAME = "$(TARGET_NAME)";
				SDKROOT = auto;
				SUPPORTED_PLATFORMS = "iphoneos iphonesimulator macosx";
				SWIFT_EMIT_LOC_STRINGS = NO;
				SWIFT_VERSION = 5.0;
				TARGETED_DEVICE_FAMILY = "1,2";
				TEST_TARGET_NAME = "test project";
			};
			name = Debug;
		};
		46E5D0992C22A82500192AB8 /* Release */ = {
			isa = XCBuildConfiguration;
			buildSettings = {
				ALWAYS_EMBED_SWIFT_STANDARD_LIBRARIES = YES;
				CODE_SIGN_STYLE = Automatic;
				CURRENT_PROJECT_VERSION = 1;
				GENERATE_INFOPLIST_FILE = YES;
				IPHONEOS_DEPLOYMENT_TARGET = 16.2;
				MACOSX_DEPLOYMENT_TARGET = 12.6;
				MARKETING_VERSION = 1.0;
				PRODUCT_BUNDLE_IDENTIFIER = "ttt.test-projectUITests";
				PRODUCT_NAME = "$(TARGET_NAME)";
				SDKROOT = auto;
				SUPPORTED_PLATFORMS = "iphoneos iphonesimulator macosx";
				SWIFT_EMIT_LOC_STRINGS = NO;
				SWIFT_VERSION = 5.0;
				TARGETED_DEVICE_FAMILY = "1,2";
				TEST_TARGET_NAME = "test project";
			};
			name = Release;
		};
/* End XCBuildConfiguration section */

/* Begin XCConfigurationList section */
		46E5D0672C22A81D00192AB8 /* Build configuration list for PBXProject "test project" */ = {
			isa = XCConfigurationList;
			buildConfigurations = (
				46E5D08F2C22A82500192AB8 /* Debug */,
				46E5D0902C22A82500192AB8 /* Release */,
			);
			defaultConfigurationIsVisible = 0;
			defaultConfigurationName = Release;
		};
		46E5D0912C22A82500192AB8 /* Build configuration list for PBXNativeTarget "test project" */ = {
			isa = XCConfigurationList;
			buildConfigurations = (
				46E5D0922C22A82500192AB8 /* Debug */,
				46E5D0932C22A82500192AB8 /* Release */,
			);
			defaultConfigurationIsVisible = 0;
			defaultConfigurationName = Release;
		};
		46E5D0942C22A82500192AB8 /* Build configuration list for PBXNativeTarget "test projectTests" */ = {
			isa = XCConfigurationList;
			buildConfigurations = (
				46E5D0952C22A82500192AB8 /* Debug */,
				46E5D0962C22A82500192AB8 /* Release */,
			);
			defaultConfigurationIsVisible = 0;
			defaultConfigurationName = Release;
		};
		46E5D0972C22A82500192AB8 /* Build configuration list for PBXNativeTarget "test projectUITests" */ = {
			isa = XCConfigurationList;
			buildConfigurations = (
				46E5D0982C22A82500192AB8 /* Debug */,
				46E5D0992C22A82500192AB8 /* Release */,
			);
			defaultConfigurationIsVisible = 0;
			defaultConfigurationName = Release;
		};
/* End XCConfigurationList section */
	};
	rootObject = 46E5D0642C22A81D00192AB8 /* Project object */;
}
